
Microsoft Visual Studio Solution File, Format Version 12.00
# Visual Studio Version 17
VisualStudioVersion = 17.12.35209.166
MinimumVisualStudioVersion = 10.0.40219.1
Project("{FAE04EC0-301F-11D3-BF4B-00C04F79EFBC}") = "WpfApp2", "WpfApp2\WpfApp2.csproj", "{0F23681E-C083-429E-AFD0-1180ED02F92E}"
EndProject
Global
	GlobalSection(SolutionConfigurationPlatforms) = preSolution
		Debug|Any CPU = Debug|Any CPU
		Release|Any CPU = Release|Any CPU
	EndGlobalSection
	GlobalSection(ProjectConfigurationPlatforms) = postSolution
		{0F23681E-C083-429E-AFD0-1180ED02F92E}.Debug|Any CPU.ActiveCfg = Debug|Any CPU
		{0F23681E-C083-429E-AFD0-1180ED02F92E}.Debug|Any CPU.Build.0 = Debug|Any CPU
		{0F23681E-C083-429E-AFD0-1180ED02F92E}.Release|Any CPU.ActiveCfg = Release|Any CPU
		{0F23681E-C083-429E-AFD0-1180ED02F92E}.Release|Any CPU.Build.0 = Release|Any CPU
	EndGlobalSection
	GlobalSection(SolutionProperties) = preSolution
		HideSolutionNode = FALSE
	EndGlobalSection
	GlobalSection(ExtensibilityGlobals) = postSolution
		SolutionGuid = {1959C5BC-0890-4398-A6A3-BCD88D762535}
	EndGlobalSection
EndGlobal
